
Microsoft Visual Studio Solution File, Format Version 12.00
# Visual Studio 2013
VisualStudioVersion = 12.0.21005.1
MinimumVisualStudioVersion = 10.0.40219.1
Project("{FAE04EC0-301F-11D3-BF4B-00C04F79EFBC}") = "ShopApi", "ShopApi\ShopApi.csproj", "{5E283EFB-74EF-4C28-987F-C4C7E1316979}"
EndProject
Project("{FAE04EC0-301F-11D3-BF4B-00C04F79EFBC}") = "ShopApi.Tests", "ShopApi.Tests\ShopApi.Tests.csproj", "{5AD21A4A-EEA4-4F73-A13E-5018F8A0DCBD}"
EndProject
Global
	GlobalSection(SolutionConfigurationPlatforms) = preSolution
		Debug|Any CPU = Debug|Any CPU
		Release|Any CPU = Release|Any CPU
	EndGlobalSection
	GlobalSection(ProjectConfigurationPlatforms) = postSolution
		{5E283EFB-74EF-4C28-987F-C4C7E1316979}.Debug|Any CPU.ActiveCfg = Debug|Any CPU
		{5E283EFB-74EF-4C28-987F-C4C7E1316979}.Debug|Any CPU.Build.0 = Debug|Any CPU
		{5E283EFB-74EF-4C28-987F-C4C7E1316979}.Release|Any CPU.ActiveCfg = Release|Any CPU
		{5E283EFB-74EF-4C28-987F-C4C7E1316979}.Release|Any CPU.Build.0 = Release|Any CPU
		{5AD21A4A-EEA4-4F73-A13E-5018F8A0DCBD}.Debug|Any CPU.ActiveCfg = Debug|Any CPU
		{5AD21A4A-EEA4-4F73-A13E-5018F8A0DCBD}.Debug|Any CPU.Build.0 = Debug|Any CPU
		{5AD21A4A-EEA4-4F73-A13E-5018F8A0DCBD}.Release|Any CPU.ActiveCfg = Release|Any CPU
		{5AD21A4A-EEA4-4F73-A13E-5018F8A0DCBD}.Release|Any CPU.Build.0 = Release|Any CPU
	EndGlobalSection
	GlobalSection(SolutionProperties) = preSolution
		HideSolutionNode = FALSE
	EndGlobalSection
EndGlobal
